
Microsoft Visual Studio Solution File, Format Version 12.00
# Visual Studio Version 17
VisualStudioVersion = 17.8.34330.188
MinimumVisualStudioVersion = 10.0.40219.1
Project("{FAE04EC0-301F-11D3-BF4B-00C04F79EFBC}") = "Tienda-Electronica-Web", "Tienda-Discos-Web\Tienda-Electronica-Web.csproj", "{4E4663A0-FF9A-4852-9C84-689196C9A61D}"
EndProject
Project("{FAE04EC0-301F-11D3-BF4B-00C04F79EFBC}") = "negocio", "..\..\MaxiN3\Tienda\Negocio\negocio.csproj", "{D2B71B27-F02C-40D8-9AF4-6529E7657A5A}"
EndProject
Project("{FAE04EC0-301F-11D3-BF4B-00C04F79EFBC}") = "dominio", "..\..\MaxiN3\Tienda\dominio\dominio.csproj", "{C74AE11F-827A-42F0-9D06-C951938684A5}"
EndProject
Global
	GlobalSection(SolutionConfigurationPlatforms) = preSolution
		Debug|Any CPU = Debug|Any CPU
		Release|Any CPU = Release|Any CPU
	EndGlobalSection
	GlobalSection(ProjectConfigurationPlatforms) = postSolution
		{4E4663A0-FF9A-4852-9C84-689196C9A61D}.Debug|Any CPU.ActiveCfg = Debug|Any CPU
		{4E4663A0-FF9A-4852-9C84-689196C9A61D}.Debug|Any CPU.Build.0 = Debug|Any CPU
		{4E4663A0-FF9A-4852-9C84-689196C9A61D}.Release|Any CPU.ActiveCfg = Release|Any CPU
		{4E4663A0-FF9A-4852-9C84-689196C9A61D}.Release|Any CPU.Build.0 = Release|Any CPU
		{D2B71B27-F02C-40D8-9AF4-6529E7657A5A}.Debug|Any CPU.ActiveCfg = Debug|Any CPU
		{D2B71B27-F02C-40D8-9AF4-6529E7657A5A}.Debug|Any CPU.Build.0 = Debug|Any CPU
		{D2B71B27-F02C-40D8-9AF4-6529E7657A5A}.Release|Any CPU.ActiveCfg = Release|Any CPU
		{D2B71B27-F02C-40D8-9AF4-6529E7657A5A}.Release|Any CPU.Build.0 = Release|Any CPU
		{C74AE11F-827A-42F0-9D06-C951938684A5}.Debug|Any CPU.ActiveCfg = Debug|Any CPU
		{C74AE11F-827A-42F0-9D06-C951938684A5}.Debug|Any CPU.Build.0 = Debug|Any CPU
		{C74AE11F-827A-42F0-9D06-C951938684A5}.Release|Any CPU.ActiveCfg = Release|Any CPU
		{C74AE11F-827A-42F0-9D06-C951938684A5}.Release|Any CPU.Build.0 = Release|Any CPU
	EndGlobalSection
	GlobalSection(SolutionProperties) = preSolution
		HideSolutionNode = FALSE
	EndGlobalSection
	GlobalSection(ExtensibilityGlobals) = postSolution
		SolutionGuid = {16570673-D1FA-40F4-B570-C3046AB68A0C}
	EndGlobalSection
EndGlobal
